// !$*UTF8*$!
{
	archiveVersion = 1;
	classes = {
	};
	objectVersion = 50;
	objects = {

/* Begin PBXBuildFile section */
		77B4ECA122C874F900F09B07 /* AppDelegate.m in Sources */ = {isa = PBXBuildFile; fileRef = 77B4ECA022C874F900F09B07 /* AppDelegate.m */; };
		77B4ECA422C874F900F09B07 /* ViewController.m in Sources */ = {isa = PBXBuildFile; fileRef = 77B4ECA322C874F900F09B07 /* ViewController.m */; };
		77B4ECA722C874F900F09B07 /* Main.storyboard in Resources */ = {isa = PBXBuildFile; fileRef = 77B4ECA522C874F900F09B07 /* Main.storyboard */; };
		77B4ECA922C874FD00F09B07 /* Assets.xcassets in Resources */ = {isa = PBXBuildFile; fileRef = 77B4ECA822C874FD00F09B07 /* Assets.xcassets */; };
		77B4ECAC22C874FD00F09B07 /* LaunchScreen.storyboard in Resources */ = {isa = PBXBuildFile; fileRef = 77B4ECAA22C874FD00F09B07 /* LaunchScreen.storyboard */; };
		77B4ECAF22C874FD00F09B07 /* main.m in Sources */ = {isa = PBXBuildFile; fileRef = 77B4ECAE22C874FD00F09B07 /* main.m */; };
/* End PBXBuildFile section */

/* Begin PBXFileReference section */
		77B4EC9C22C874F900F09B07 /* ViewConflict.app */ = {isa = PBXFileReference; explicitFileType = wrapper.application; includeInIndex = 0; path = ViewConflict.app; sourceTree = BUILT_PRODUCTS_DIR; };
		77B4EC9F22C874F900F09B07 /* AppDelegate.h */ = {isa = PBXFileReference; lastKnownFileType = sourcecode.c.h; path = AppDelegate.h; sourceTree = "<group>"; };
		77B4ECA022C874F900F09B07 /* AppDelegate.m */ = {isa = PBXFileReference; lastKnownFileType = sourcecode.c.objc; path = AppDelegate.m; sourceTree = "<group>"; };
		77B4ECA222C874F900F09B07 /* ViewController.h */ = {isa = PBXFileReference; lastKnownFileType = sourcecode.c.h; path = ViewController.h; sourceTree = "<group>"; };
		77B4ECA322C874F900F09B07 /* ViewController.m */ = {isa = PBXFileReference; lastKnownFileType = sourcecode.c.objc; path = ViewController.m; sourceTree = "<group>"; };
		77B4ECA622C874F900F09B07 /* Base */ = {isa = PBXFileReference; lastKnownFileType = file.storyboard; name = Base; path = Base.lproj/Main.storyboard; sourceTree = "<group>"; };
		77B4ECA822C874FD00F09B07 /* Assets.xcassets */ = {isa = PBXFileReference; lastKnownFileType = folder.assetcatalog; path = Assets.xcassets; sourceTree = "<group>"; };
		77B4ECAB22C874FD00F09B07 /* Base */ = {isa = PBXFileReference; lastKnownFileType = file.storyboard; name = Base; path = Base.lproj/LaunchScreen.storyboard; sourceTree = "<group>"; };
		77B4ECAD22C874FD00F09B07 /* Info.plist */ = {isa = PBXFileReference; lastKnownFileType = text.plist.xml; path = Info.plist; sourceTree = "<group>"; };
		77B4ECAE22C874FD00F09B07 /* main.m */ = {isa = PBXFileReference; lastKnownFileType = sourcecode.c.objc; path = main.m; sourceTree = "<group>"; };
/* End PBXFileReference section */

/* Begin PBXFrameworksBuildPhase section */
		77B4EC9922C874F900F09B07 /* Frameworks */ = {
			isa = PBXFrameworksBuildPhase;
			buildActionMask = 2147483647;
			files = (
			);
			runOnlyForDeploymentPostprocessing = 0;
		};
/* End PBXFrameworksBuildPhase section */

/* Begin PBXGroup section */
		77B4EC9322C874F900F09B07 = {
			isa = PBXGroup;
			children = (
				77B4EC9E22C874F900F09B07 /* ViewConflict */,
				77B4EC9D22C874F900F09B07 /* Products */,
			);
			sourceTree = "<group>";
		};
		77B4EC9D22C874F900F09B07 /* Products */ = {
			isa = PBXGroup;
			children = (
				77B4EC9C22C874F900F09B07 /* ViewConflict.app */,
			);
			name = Products;
			sourceTree = "<group>";
		};
		77B4EC9E22C874F900F09B07 /* ViewConflict */ = {
			isa = PBXGroup;
			children = (
				77B4EC9F22C874F900F09B07 /* AppDelegate.h */,
				77B4ECA022C874F900F09B07 /* AppDelegate.m */,
				77B4ECA222C874F900F09B07 /* ViewController.h */,
				77B4ECA322C874F900F09B07 /* ViewController.m */,
				77B4ECA522C874F900F09B07 /* Main.storyboard */,
				77B4ECA822C874FD00F09B07 /* Assets.xcassets */,
				77B4ECAA22C874FD00F09B07 /* LaunchScreen.storyboard */,
				77B4ECAD22C874FD00F09B07 /* Info.plist */,
				77B4ECAE22C874FD00F09B07 /* main.m */,
			);
			path = ViewConflict;
			sourceTree = "<group>";
		};
/* End PBXGroup section */

/* Begin PBXNativeTarget section */
		77B4EC9B22C874F900F09B07 /* ViewConflict */ = {
			isa = PBXNativeTarget;
			buildConfigurationList = 77B4ECB222C874FD00F09B07 /* Build configuration list for PBXNativeTarget "ViewConflict" */;
			buildPhases = (
				77B4EC9822C874F900F09B07 /* Sources */,
				77B4EC9922C874F900F09B07 /* Frameworks */,
				77B4EC9A22C874F900F09B07 /* Resources */,
			);
			buildRules = (
			);
			dependencies = (
			);
			name = ViewConflict;
			productName = ViewConflict;
			productReference = 77B4EC9C22C874F900F09B07 /* ViewConflict.app */;
			productType = "com.apple.product-type.application";
		};
/* End PBXNativeTarget section */

/* Begin PBXProject section */
		77B4EC9422C874F900F09B07 /* Project object */ = {
			isa = PBXProject;
			attributes = {
				LastUpgradeCheck = 1020;
				ORGANIZATIONNAME = xukaitian;
				TargetAttributes = {
					77B4EC9B22C874F900F09B07 = {
						CreatedOnToolsVersion = 10.2.1;
					};
				};
			};
			buildConfigurationList = 77B4EC9722C874F900F09B07 /* Build configuration list for PBXProject "ViewConflict" */;
			compatibilityVersion = "Xcode 9.3";
			developmentRegion = en;
			hasScannedForEncodings = 0;
			knownRegions = (
				en,
				Base,
			);
			mainGroup = 77B4EC9322C874F900F09B07;
			productRefGroup = 77B4EC9D22C874F900F09B07 /* Products */;
			projectDirPath = "";
			projectRoot = "";
			targets = (
				77B4EC9B22C874F900F09B07 /* ViewConflict */,
			);
		};
/* End PBXProject section */

/* Begin PBXResourcesBuildPhase section */
		77B4EC9A22C874F900F09B07 /* Resources */ = {
			isa = PBXResourcesBuildPhase;
			buildActionMask = 2147483647;
			files = (
				77B4ECAC22C874FD00F09B07 /* LaunchScreen.storyboard in Resources */,
				77B4ECA922C874FD00F09B07 /* Assets.xcassets in Resources */,
				77B4ECA722C874F900F09B07 /* Main.storyboard in Resources */,
			);
			runOnlyForDeploymentPostprocessing = 0;
		};
/* End PBXResourcesBuildPhase section */

/* Begin PBXSourcesBuildPhase section */
		77B4EC9822C874F900F09B07 /* Sources */ = {
			isa = PBXSourcesBuildPhase;
			buildActionMask = 2147483647;
			files = (
				77B4ECA422C874F900F09B07 /* ViewController.m in Sources */,
				77B4ECAF22C874FD00F09B07 /* main.m in Sources */,
				77B4ECA122C874F900F09B07 /* AppDelegate.m in Sources */,
			);
			runOnlyForDeploymentPostprocessing = 0;
		};
/* End PBXSourcesBuildPhase section */

/* Begin PBXVariantGroup section */
		77B4ECA522C874F900F09B07 /* Main.storyboard */ = {
			isa = PBXVariantGroup;
			children = (
				77B4ECA622C874F900F09B07 /* Base */,
			);
			name = Main.storyboard;
			sourceTree = "<group>";
		};
		77B4ECAA22C874FD00F09B07 /* LaunchScreen.storyboard */ = {
			isa = PBXVariantGroup;
			children = (
				77B4ECAB22C874FD00F09B07 /* Base */,
			);
			name = LaunchScreen.storyboard;
			sourceTree = "<group>";
		};
/* End PBXVariantGroup section */

/* Begin XCBuildConfiguration section */
		77B4ECB022C874FD00F09B07 /* Debug */ = {
			isa = XCBuildConfiguration;
			buildSettings = {
				ALWAYS_SEARCH_USER_PATHS = NO;
				CLANG_ANALYZER_NONNULL = YES;
				CLANG_ANALYZER_NUMBER_OBJECT_CONVERSION = YES_AGGRESSIVE;
				CLANG_CXX_LANGUAGE_STANDARD = "gnu++14";
				CLANG_CXX_LIBRARY = "libc++";
				CLANG_ENABLE_MODULES = YES;
				CLANG_ENABLE_OBJC_ARC = YES;
				CLANG_ENABLE_OBJC_WEAK = YES;
				CLANG_WARN_BLOCK_CAPTURE_AUTORELEASING = YES;
				CLANG_WARN_BOOL_CONVERSION = YES;
				CLANG_WARN_COMMA = YES;
				CLANG_WARN_CONSTANT_CONVERSION = YES;
				CLANG_WARN_DEPRECATED_OBJC_IMPLEMENTATIONS = YES;
				CLANG_WARN_DIRECT_OBJC_ISA_USAGE = YES_ERROR;
				CLANG_WARN_DOCUMENTATION_COMMENTS = YES;
				CLANG_WARN_EMPTY_BODY = YES;
				CLANG_WARN_ENUM_CONVERSION = YES;
				CLANG_WARN_INFINITE_RECURSION = YES;
				CLANG_WARN_INT_CONVERSION = YES;
				CLANG_WARN_NON_LITERAL_NULL_CONVERSION = YES;
				CLANG_WARN_OBJC_IMPLICIT_RETAIN_SELF = YES;
				CLANG_WARN_OBJC_LITERAL_CONVERSION = YES;
				CLANG_WARN_OBJC_ROOT_CLASS = YES_ERROR;
				CLANG_WARN_RANGE_LOOP_ANALYSIS = YES;
				CLANG_WARN_STRICT_PROTOTYPES = YES;
				CLANG_WARN_SUSPICIOUS_MOVE = YES;
				CLANG_WARN_UNGUARDED_AVAILABILITY = YES_AGGRESSIVE;
				CLANG_WARN_UNREACHABLE_CODE = YES;
				CLANG_WARN__DUPLICATE_METHOD_MATCH = YES;
				CODE_SIGN_IDENTITY = "iPhone Developer";
				COPY_PHASE_STRIP = NO;
				DEBUG_INFORMATION_FORMAT = dwarf;
				ENABLE_STRICT_OBJC_MSGSEND = YES;
				ENABLE_TESTABILITY = YES;
				GCC_C_LANGUAGE_STANDARD = gnu11;
				GCC_DYNAMIC_NO_PIC = NO;
				GCC_NO_COMMON_BLOCKS = YES;
				GCC_OPTIMIZATION_LEVEL = 0;
				GCC_PREPROCESSOR_DEFINITIONS = (
					"DEBUG=1",
					"$(inherited)",
				);
				GCC_WARN_64_TO_32_BIT_CONVERSION = YES;
				GCC_WARN_ABOUT_RETURN_TYPE = YES_ERROR;
				GCC_WARN_UNDECLARED_SELECTOR = YES;
				GCC_WARN_UNINITIALIZED_AUTOS = YES_AGGRESSIVE;
				GCC_WARN_UNUSED_FUNCTION = YES;
				GCC_WARN_UNUSED_VARIABLE = YES;
				IPHONEOS_DEPLOYMENT_TARGET = 12.2;
				MTL_ENABLE_DEBUG_INFO = INCLUDE_SOURCE;
				MTL_FAST_MATH = YES;
				ONLY_ACTIVE_ARCH = YES;
				SDKROOT = iphoneos;
			};
			name = Debug;
		};
		77B4ECB122C874FD00F09B07 /* Release */ = {
			isa = XCBuildConfiguration;
			buildSettings = {
				ALWAYS_SEARCH_USER_PATHS = NO;
				CLANG_ANALYZER_NONNULL = YES;
				CLANG_ANALYZER_NUMBER_OBJECT_CONVERSION = YES_AGGRESSIVE;
				CLANG_CXX_LANGUAGE_STANDARD = "gnu++14";
				CLANG_CXX_LIBRARY = "libc++";
				CLANG_ENABLE_MODULES = YES;
				CLANG_ENABLE_OBJC_ARC = YES;
				CLANG_ENABLE_OBJC_WEAK = YES;
				CLANG_WARN_BLOCK_CAPTURE_AUTORELEASING = YES;
				CLANG_WARN_BOOL_CONVERSION = YES;
				CLANG_WARN_COMMA = YES;
				CLANG_WARN_CONSTANT_CONVERSION = YES;
				CLANG_WARN_DEPRECATED_OBJC_IMPLEMENTATIONS = YES;
				CLANG_WARN_DIRECT_OBJC_ISA_USAGE = YES_ERROR;
				CLANG_WARN_DOCUMENTATION_COMMENTS = YES;
				CLANG_WARN_EMPTY_BODY = YES;
				CLANG_WARN_ENUM_CONVERSION = YES;
				CLANG_WARN_INFINITE_RECURSION = YES;
				CLANG_WARN_INT_CONVERSION = YES;
				CLANG_WARN_NON_LITERAL_NULL_CONVERSION = YES;
				CLANG_WARN_OBJC_IMPLICIT_RETAIN_SELF = YES;
				CLANG_WARN_OBJC_LITERAL_CONVERSION = YES;
				CLANG_WARN_OBJC_ROOT_CLASS = YES_ERROR;
				CLANG_WARN_RANGE_LOOP_ANALYSIS = YES;
				CLANG_WARN_STRICT_PROTOTYPES = YES;
				CLANG_WARN_SUSPICIOUS_MOVE = YES;
				CLANG_WARN_UNGUARDED_AVAILABILITY = YES_AGGRESSIVE;
				CLANG_WARN_UNREACHABLE_CODE = YES;
				CLANG_WARN__DUPLICATE_METHOD_MATCH = YES;
				CODE_SIGN_IDENTITY = "iPhone Developer";
				COPY_PHASE_STRIP = NO;
				DEBUG_INFORMATION_FORMAT = "dwarf-with-dsym";
				ENABLE_NS_ASSERTIONS = NO;
				ENABLE_STRICT_OBJC_MSGSEND = YES;
				GCC_C_LANGUAGE_STANDARD = gnu11;
				GCC_NO_COMMON_BLOCKS = YES;
				GCC_WARN_64_TO_32_BIT_CONVERSION = YES;
				GCC_WARN_ABOUT_RETURN_TYPE = YES_ERROR;
				GCC_WARN_UNDECLARED_SELECTOR = YES;
				GCC_WARN_UNINITIALIZED_AUTOS = YES_AGGRESSIVE;
				GCC_WARN_UNUSED_FUNCTION = YES;
				GCC_WARN_UNUSED_VARIABLE = YES;
				IPHONEOS_DEPLOYMENT_TARGET = 12.2;
				MTL_ENABLE_DEBUG_INFO = NO;
				MTL_FAST_MATH = YES;
				SDKROOT = iphoneos;
				VALIDATE_PRODUCT = YES;
			};
			name = Release;
		};
		77B4ECB322C874FD00F09B07 /* Debug */ = {
			isa = XCBuildConfiguration;
			buildSettings = {
				ASSETCATALOG_COMPILER_APPICON_NAME = AppIcon;
				CODE_SIGN_STYLE = Automatic;
				INFOPLIST_FILE = ViewConflict/Info.plist;
				LD_RUNPATH_SEARCH_PATHS = (
					"$(inherited)",
					"@executable_path/Frameworks",
				);
				PRODUCT_BUNDLE_IDENTIFIER = com.qiyi.kv.ViewConflict;
				PRODUCT_NAME = "$(TARGET_NAME)";
				TARGETED_DEVICE_FAMILY = "1,2";
			};
			name = Debug;
		};
		77B4ECB422C874FD00F09B07 /* Release */ = {
			isa = XCBuildConfiguration;
			buildSettings = {
				ASSETCATALOG_COMPILER_APPICON_NAME = AppIcon;
				CODE_SIGN_STYLE = Automatic;
				INFOPLIST_FILE = ViewConflict/Info.plist;
				LD_RUNPATH_SEARCH_PATHS = (
					"$(inherited)",
					"@executable_path/Frameworks",
				);
				PRODUCT_BUNDLE_IDENTIFIER = com.qiyi.kv.ViewConflict;
				PRODUCT_NAME = "$(TARGET_NAME)";
				TARGETED_DEVICE_FAMILY = "1,2";
			};
			name = Release;
		};
/* End XCBuildConfiguration section */

/* Begin XCConfigurationList section */
		77B4EC9722C874F900F09B07 /* Build configuration list for PBXProject "ViewConflict" */ = {
			isa = XCConfigurationList;
			buildConfigurations = (
				77B4ECB022C874FD00F09B07 /* Debug */,
				77B4ECB122C874FD00F09B07 /* Release */,
			);
			defaultConfigurationIsVisible = 0;
			defaultConfigurationName = Release;
		};
		77B4ECB222C874FD00F09B07 /* Build configuration list for PBXNativeTarget "ViewConflict" */ = {
			isa = XCConfigurationList;
			buildConfigurations = (
				77B4ECB322C874FD00F09B07 /* Debug */,
				77B4ECB422C874FD00F09B07 /* Release */,
			);
			defaultConfigurationIsVisible = 0;
			defaultConfigurationName = Release;
		};
/* End XCConfigurationList section */
	};
	rootObject = 77B4EC9422C874F900F09B07 /* Project object */;
}
